
Microsoft Visual Studio Solution File, Format Version 12.00
# Visual Studio Version 16
VisualStudioVersion = 16.0.29306.81
MinimumVisualStudioVersion = 10.0.40219.1
Project("{9A19103F-16F7-4668-BE54-9A1E7A4F7556}") = "HotelBookingGarnet", "HotelBookingGarnet\HotelBookingGarnet.csproj", "{AE2D0026-8392-4A75-BFCA-38ACB756F1B8}"
EndProject
Project("{FAE04EC0-301F-11D3-BF4B-00C04F79EFBC}") = "HotelBookingGarnetTest", "HotelBookingGarnetTest\HotelBookingGarnetTest.csproj", "{03601393-3FB0-4001-8F0E-A614694C558E}"
EndProject
Global
	GlobalSection(SolutionConfigurationPlatforms) = preSolution
		Debug|Any CPU = Debug|Any CPU
		Release|Any CPU = Release|Any CPU
	EndGlobalSection
	GlobalSection(ProjectConfigurationPlatforms) = postSolution
		{AE2D0026-8392-4A75-BFCA-38ACB756F1B8}.Debug|Any CPU.ActiveCfg = Debug|Any CPU
		{AE2D0026-8392-4A75-BFCA-38ACB756F1B8}.Debug|Any CPU.Build.0 = Debug|Any CPU
		{AE2D0026-8392-4A75-BFCA-38ACB756F1B8}.Release|Any CPU.ActiveCfg = Release|Any CPU
		{AE2D0026-8392-4A75-BFCA-38ACB756F1B8}.Release|Any CPU.Build.0 = Release|Any CPU
		{03601393-3FB0-4001-8F0E-A614694C558E}.Debug|Any CPU.ActiveCfg = Debug|Any CPU
		{03601393-3FB0-4001-8F0E-A614694C558E}.Debug|Any CPU.Build.0 = Debug|Any CPU
		{03601393-3FB0-4001-8F0E-A614694C558E}.Release|Any CPU.ActiveCfg = Release|Any CPU
		{03601393-3FB0-4001-8F0E-A614694C558E}.Release|Any CPU.Build.0 = Release|Any CPU
	EndGlobalSection
	GlobalSection(SolutionProperties) = preSolution
		HideSolutionNode = FALSE
	EndGlobalSection
	GlobalSection(ExtensibilityGlobals) = postSolution
		SolutionGuid = {3798C417-C80C-48DB-A53E-292768261740}
	EndGlobalSection
EndGlobal
